# This file was autogenerated by Stack.
# You should not edit this file by hand.
# For more information, please see the documentation at:
#   https://docs.haskellstack.org/en/stable/topics/lock_files

packages:
- completed:
    commit: 085c16fb21b9f856a435a3faab980e7e0b319341
    git: https://github.com/reach-sh/haskell-hexstring.git
    name: hexstring
    pantry-tree:
      sha256: 9ecf67856f59dfb382b283eceb42e4fc1865935d1a7e59111556ed381c6a2ffd
      size: 687
    version: 0.11.1
  original:
    commit: 085c16fb21b9f856a435a3faab980e7e0b319341
    git: https://github.com/reach-sh/haskell-hexstring.git
- completed:
    hackage: tomland-1.3.3.3@sha256:5a1883fbe1a59bc3e70b3058ca2e1d0fa4add0727f1f3154fbb2f69339fd9429,9404
    pantry-tree:
      sha256: 0cb3d9f13b2fe45c2f87331aaa5fcc9ce74e1be50f48a70eeb98556de61c72db
      size: 6430
  original:
    hackage: tomland-1.3.3.3@sha256:5a1883fbe1a59bc3e70b3058ca2e1d0fa4add0727f1f3154fbb2f69339fd9429,9404
- completed:
    hackage: validation-selective-0.2.0.0@sha256:3fb7836ae5c8be1b41a69f31944c3a8dcf1b8d934ceb68b4989bc55aaad39316,3917
    pantry-tree:
      sha256: e3526138fffe9a7c59b1903376689f94f1ea9c87771ab6408f8bf9f89aef2663
      size: 697
  original:
    hackage: validation-selective-0.2.0.0@sha256:3fb7836ae5c8be1b41a69f31944c3a8dcf1b8d934ceb68b4989bc55aaad39316,3917
- completed:
    hackage: io-capture-1.0.0@sha256:52fcd84902340df8e860a70bb646503cf3dcd11b4f43e9659ef38e341f68e909,1233
    pantry-tree:
      sha256: 65849cbd4749744033f0e23c317a4cb12b7a24eb0ca9d2610c95b6dc72b3f470
      size: 273
  original:
    hackage: io-capture-1.0.0@sha256:52fcd84902340df8e860a70bb646503cf3dcd11b4f43e9659ef38e341f68e909,1233
- completed:
    hackage: simple-smt-0.9.5@sha256:70e6f694d401d23783b6f5c62774262a01cc7c305a64a13690ab7664a4f98ebf,736
    pantry-tree:
      sha256: 2c3dc6abc101832026902feb1f4d0cfd227dc0cddf9db857c30da38c80ac387c
      size: 253
  original:
    hackage: simple-smt-0.9.5@sha256:70e6f694d401d23783b6f5c62774262a01cc7c305a64a13690ab7664a4f98ebf,736
- completed:
    commit: d8465680410807a782920ba8dca040d38da735f8
    git: https://github.com/reach-sh/shell-monad.git
    name: shell-monad
    pantry-tree:
      sha256: aa71086fe3d90e9f93c437004668a94bfa3193a9af2d286b0485b59a55ee70b2
      size: 612
    version: 0.6.9
  original:
    commit: d8465680410807a782920ba8dca040d38da735f8
    git: https://github.com/reach-sh/shell-monad.git
- completed:
    commit: 09c29e16723728fe2a3f1341e2569508c86f4597
    git: https://github.com/reach-sh/stan.git
    name: stan
    pantry-tree:
      sha256: 05e44bb76ee95ac46ede71d407de2c0b7454f45ed667a6af3a5d8aee3f79a048
      size: 5139
    version: 0.0.1.0
  original:
    commit: 09c29e16723728fe2a3f1341e2569508c86f4597
    git: https://github.com/reach-sh/stan.git
- completed:
    commit: f1b4cd7d4a6502c385c64a5d0c80ce325202a48d
    git: https://github.com/reach-sh/language-javascript.git
    name: language-javascript
    pantry-tree:
      sha256: 90e2a4e8f79e764418c6735d02ff1239c71060ac682d646e676f7c54ed650efa
      size: 3233
    version: 0.7.1.1
  original:
    commit: f1b4cd7d4a6502c385c64a5d0c80ce325202a48d
    git: https://github.com/reach-sh/language-javascript.git
snapshots:
- completed:
    sha256: 238fa745b64f91184f9aa518fe04bdde6552533d169b0da5256670df83a0f1a9
    size: 721141
    url: https://raw.githubusercontent.com/commercialhaskell/stackage-snapshots/master/lts/22/44.yaml
  original: lts-22.44
