# This file was autogenerated by Stack.
# You should not edit this file by hand.
# For more information, please see the documentation at:
#   https://docs.haskellstack.org/en/stable/topics/lock_files

packages:
- completed:
    commit: ffdf145bbdf917d54a3ef4951fc2655e35847ff0
    git: https://github.com/google/ormolu.git
    name: ormolu
    pantry-tree:
      sha256: e022d2c07cee18b2d280dd490ad687be6d8b5152a9d8eb27c42b21d827177a77
      size: 80957
    version: 0.1.4.1
  original:
    commit: ffdf145bbdf917d54a3ef4951fc2655e35847ff0
    git: https://github.com/google/ormolu.git
- completed:
    hackage: ghc-lib-parser-8.10.7.20220219@sha256:450f94155c92abadc3ce2e347e51309103aedd7b8fc1ca3fb4d97ac1c71e8d5f,8621
    pantry-tree:
      sha256: 3bde52bb5150b35dc60203a4259c228238dfd5b829ad6b49f7e0e01a09680bf6
      size: 19379
  original:
    hackage: ghc-lib-parser-8.10.7.20220219@sha256:450f94155c92abadc3ce2e347e51309103aedd7b8fc1ca3fb4d97ac1c71e8d5f,8621
snapshots:
- completed:
    sha256: 428ec8d5ce932190d3cbe266b9eb3c175cd81e984babf876b64019e2cbe4ea68
    size: 590100
    url: https://raw.githubusercontent.com/commercialhaskell/stackage-snapshots/master/lts/18/28.yaml
  original: lts-18.28
